
Microsoft Visual Studio Solution File, Format Version 12.00
Project("{FAE04EC0-301F-11D3-BF4B-00C04F79EFBC}") = "CodeForce.Div.4", "CodeForce.Div.4.csproj", "{46D4DCD6-4723-4E7B-B9B6-19B4962A04F9}"
EndProject
Global
	GlobalSection(SolutionConfigurationPlatforms) = preSolution
		Debug|Any CPU = Debug|Any CPU
		Release|Any CPU = Release|Any CPU
	EndGlobalSection
	GlobalSection(ProjectConfigurationPlatforms) = postSolution
		{46D4DCD6-4723-4E7B-B9B6-19B4962A04F9}.Debug|Any CPU.ActiveCfg = Debug|Any CPU
		{46D4DCD6-4723-4E7B-B9B6-19B4962A04F9}.Debug|Any CPU.Build.0 = Debug|Any CPU
		{46D4DCD6-4723-4E7B-B9B6-19B4962A04F9}.Release|Any CPU.ActiveCfg = Release|Any CPU
		{46D4DCD6-4723-4E7B-B9B6-19B4962A04F9}.Release|Any CPU.Build.0 = Release|Any CPU
	EndGlobalSection
EndGlobal
